
Microsoft Visual Studio Solution File, Format Version 12.00
# Visual Studio Version 16
VisualStudioVersion = 16.0.32407.337
MinimumVisualStudioVersion = 10.0.40219.1
Project("{9A19103F-16F7-4668-BE54-9A1E7A4F7556}") = "3.2.3", "learn\3.2.3.csproj", "{1DCF2640-FB3B-4D58-B0EE-ECB1BA79BA38}"
EndProject
Project("{9A19103F-16F7-4668-BE54-9A1E7A4F7556}") = "3.2.8", "3.2.8\3.2.8.csproj", "{AE08A490-F629-46A4-BE9F-340049D120D3}"
EndProject
Project("{9A19103F-16F7-4668-BE54-9A1E7A4F7556}") = "3.3.2", "3.3.2\3.3.2.csproj", "{A633BF8B-8483-4A90-96C7-EAD786E8DAF3}"
EndProject
Project("{9A19103F-16F7-4668-BE54-9A1E7A4F7556}") = "3.4.3", "3.4.3\3.4.3.csproj", "{C9FA3D6E-A542-4BF1-9658-9B03C27533A6}"
EndProject
Project("{9A19103F-16F7-4668-BE54-9A1E7A4F7556}") = "3.6.8", "3.6.8\3.6.8.csproj", "{4114F466-DD26-458F-A79D-881BE19E46C8}"
EndProject
Project("{9A19103F-16F7-4668-BE54-9A1E7A4F7556}") = "3.7.4", "3.7.4\3.7.4.csproj", "{DF8FFEAA-9D5E-4C80-9B89-B1F745EEF1DF}"
EndProject
Project("{9A19103F-16F7-4668-BE54-9A1E7A4F7556}") = "4.1.4", "4.1.4\4.1.4.csproj", "{EE435637-74EF-427A-8223-5E4473B61AD4}"
EndProject
Project("{9A19103F-16F7-4668-BE54-9A1E7A4F7556}") = "4.1.5", "4.1.5\4.1.5.csproj", "{1D66F6F2-C442-4627-BB2A-237A59B7115B}"
EndProject
Project("{9A19103F-16F7-4668-BE54-9A1E7A4F7556}") = "4.1.10", "4.1.10\4.1.10.csproj", "{E7A605B9-E645-47FF-93C9-AA581BE54411}"
EndProject
Project("{9A19103F-16F7-4668-BE54-9A1E7A4F7556}") = "4.1.12", "4.1.12\4.1.12.csproj", "{2A91E902-205C-4D12-8EE7-3A8F3C95E955}"
EndProject
Project("{FAE04EC0-301F-11D3-BF4B-00C04F79EFBC}") = "4.1.17", "4.1.17\4.1.17.csproj", "{295042CD-7F0C-4FF1-A134-3FD34E89D46C}"
EndProject
Project("{FAE04EC0-301F-11D3-BF4B-00C04F79EFBC}") = "4.1.18", "4.1.18\4.1.18.csproj", "{9135CD8C-76BC-4B07-92F7-3A42329B6183}"
EndProject
Project("{FAE04EC0-301F-11D3-BF4B-00C04F79EFBC}") = "4.2.11", "4.2.11\4.2.11.csproj", "{970A3389-BE96-4637-90D0-2BC0C7FDE09C}"
EndProject
Project("{FAE04EC0-301F-11D3-BF4B-00C04F79EFBC}") = "4.3.7", "4.3.7\4.3.7.csproj", "{D46321AA-850A-482F-BDA4-B59B18217B79}"
EndProject
Project("{FAE04EC0-301F-11D3-BF4B-00C04F79EFBC}") = "4.3.11", "4.3.11\4.3.11.csproj", "{14B46092-7198-4CC7-A659-9B3717723B31}"
EndProject
Global
	GlobalSection(SolutionConfigurationPlatforms) = preSolution
		Debug|Any CPU = Debug|Any CPU
		Release|Any CPU = Release|Any CPU
	EndGlobalSection
	GlobalSection(ProjectConfigurationPlatforms) = postSolution
		{1DCF2640-FB3B-4D58-B0EE-ECB1BA79BA38}.Debug|Any CPU.ActiveCfg = Debug|Any CPU
		{1DCF2640-FB3B-4D58-B0EE-ECB1BA79BA38}.Debug|Any CPU.Build.0 = Debug|Any CPU
		{1DCF2640-FB3B-4D58-B0EE-ECB1BA79BA38}.Release|Any CPU.ActiveCfg = Release|Any CPU
		{1DCF2640-FB3B-4D58-B0EE-ECB1BA79BA38}.Release|Any CPU.Build.0 = Release|Any CPU
		{AE08A490-F629-46A4-BE9F-340049D120D3}.Debug|Any CPU.ActiveCfg = Debug|Any CPU
		{AE08A490-F629-46A4-BE9F-340049D120D3}.Debug|Any CPU.Build.0 = Debug|Any CPU
		{AE08A490-F629-46A4-BE9F-340049D120D3}.Release|Any CPU.ActiveCfg = Release|Any CPU
		{AE08A490-F629-46A4-BE9F-340049D120D3}.Release|Any CPU.Build.0 = Release|Any CPU
		{A633BF8B-8483-4A90-96C7-EAD786E8DAF3}.Debug|Any CPU.ActiveCfg = Debug|Any CPU
		{A633BF8B-8483-4A90-96C7-EAD786E8DAF3}.Debug|Any CPU.Build.0 = Debug|Any CPU
		{A633BF8B-8483-4A90-96C7-EAD786E8DAF3}.Release|Any CPU.ActiveCfg = Release|Any CPU
		{A633BF8B-8483-4A90-96C7-EAD786E8DAF3}.Release|Any CPU.Build.0 = Release|Any CPU
		{C9FA3D6E-A542-4BF1-9658-9B03C27533A6}.Debug|Any CPU.ActiveCfg = Debug|Any CPU
		{C9FA3D6E-A542-4BF1-9658-9B03C27533A6}.Debug|Any CPU.Build.0 = Debug|Any CPU
		{C9FA3D6E-A542-4BF1-9658-9B03C27533A6}.Release|Any CPU.ActiveCfg = Release|Any CPU
		{C9FA3D6E-A542-4BF1-9658-9B03C27533A6}.Release|Any CPU.Build.0 = Release|Any CPU
		{4114F466-DD26-458F-A79D-881BE19E46C8}.Debug|Any CPU.ActiveCfg = Debug|Any CPU
		{4114F466-DD26-458F-A79D-881BE19E46C8}.Debug|Any CPU.Build.0 = Debug|Any CPU
		{4114F466-DD26-458F-A79D-881BE19E46C8}.Release|Any CPU.ActiveCfg = Release|Any CPU
		{4114F466-DD26-458F-A79D-881BE19E46C8}.Release|Any CPU.Build.0 = Release|Any CPU
		{DF8FFEAA-9D5E-4C80-9B89-B1F745EEF1DF}.Debug|Any CPU.ActiveCfg = Debug|Any CPU
		{DF8FFEAA-9D5E-4C80-9B89-B1F745EEF1DF}.Debug|Any CPU.Build.0 = Debug|Any CPU
		{DF8FFEAA-9D5E-4C80-9B89-B1F745EEF1DF}.Release|Any CPU.ActiveCfg = Release|Any CPU
		{DF8FFEAA-9D5E-4C80-9B89-B1F745EEF1DF}.Release|Any CPU.Build.0 = Release|Any CPU
		{EE435637-74EF-427A-8223-5E4473B61AD4}.Debug|Any CPU.ActiveCfg = Debug|Any CPU
		{EE435637-74EF-427A-8223-5E4473B61AD4}.Debug|Any CPU.Build.0 = Debug|Any CPU
		{EE435637-74EF-427A-8223-5E4473B61AD4}.Release|Any CPU.ActiveCfg = Release|Any CPU
		{EE435637-74EF-427A-8223-5E4473B61AD4}.Release|Any CPU.Build.0 = Release|Any CPU
		{1D66F6F2-C442-4627-BB2A-237A59B7115B}.Debug|Any CPU.ActiveCfg = Debug|Any CPU
		{1D66F6F2-C442-4627-BB2A-237A59B7115B}.Debug|Any CPU.Build.0 = Debug|Any CPU
		{1D66F6F2-C442-4627-BB2A-237A59B7115B}.Release|Any CPU.ActiveCfg = Release|Any CPU
		{1D66F6F2-C442-4627-BB2A-237A59B7115B}.Release|Any CPU.Build.0 = Release|Any CPU
		{E7A605B9-E645-47FF-93C9-AA581BE54411}.Debug|Any CPU.ActiveCfg = Debug|Any CPU
		{E7A605B9-E645-47FF-93C9-AA581BE54411}.Debug|Any CPU.Build.0 = Debug|Any CPU
		{E7A605B9-E645-47FF-93C9-AA581BE54411}.Release|Any CPU.ActiveCfg = Release|Any CPU
		{E7A605B9-E645-47FF-93C9-AA581BE54411}.Release|Any CPU.Build.0 = Release|Any CPU
		{2A91E902-205C-4D12-8EE7-3A8F3C95E955}.Debug|Any CPU.ActiveCfg = Debug|Any CPU
		{2A91E902-205C-4D12-8EE7-3A8F3C95E955}.Debug|Any CPU.Build.0 = Debug|Any CPU
		{2A91E902-205C-4D12-8EE7-3A8F3C95E955}.Release|Any CPU.ActiveCfg = Release|Any CPU
		{2A91E902-205C-4D12-8EE7-3A8F3C95E955}.Release|Any CPU.Build.0 = Release|Any CPU
		{295042CD-7F0C-4FF1-A134-3FD34E89D46C}.Debug|Any CPU.ActiveCfg = Debug|Any CPU
		{295042CD-7F0C-4FF1-A134-3FD34E89D46C}.Debug|Any CPU.Build.0 = Debug|Any CPU
		{295042CD-7F0C-4FF1-A134-3FD34E89D46C}.Release|Any CPU.ActiveCfg = Release|Any CPU
		{295042CD-7F0C-4FF1-A134-3FD34E89D46C}.Release|Any CPU.Build.0 = Release|Any CPU
		{9135CD8C-76BC-4B07-92F7-3A42329B6183}.Debug|Any CPU.ActiveCfg = Debug|Any CPU
		{9135CD8C-76BC-4B07-92F7-3A42329B6183}.Debug|Any CPU.Build.0 = Debug|Any CPU
		{9135CD8C-76BC-4B07-92F7-3A42329B6183}.Release|Any CPU.ActiveCfg = Release|Any CPU
		{9135CD8C-76BC-4B07-92F7-3A42329B6183}.Release|Any CPU.Build.0 = Release|Any CPU
		{970A3389-BE96-4637-90D0-2BC0C7FDE09C}.Debug|Any CPU.ActiveCfg = Debug|Any CPU
		{970A3389-BE96-4637-90D0-2BC0C7FDE09C}.Debug|Any CPU.Build.0 = Debug|Any CPU
		{970A3389-BE96-4637-90D0-2BC0C7FDE09C}.Release|Any CPU.ActiveCfg = Release|Any CPU
		{970A3389-BE96-4637-90D0-2BC0C7FDE09C}.Release|Any CPU.Build.0 = Release|Any CPU
		{D46321AA-850A-482F-BDA4-B59B18217B79}.Debug|Any CPU.ActiveCfg = Debug|Any CPU
		{D46321AA-850A-482F-BDA4-B59B18217B79}.Debug|Any CPU.Build.0 = Debug|Any CPU
		{D46321AA-850A-482F-BDA4-B59B18217B79}.Release|Any CPU.ActiveCfg = Release|Any CPU
		{D46321AA-850A-482F-BDA4-B59B18217B79}.Release|Any CPU.Build.0 = Release|Any CPU
		{14B46092-7198-4CC7-A659-9B3717723B31}.Debug|Any CPU.ActiveCfg = Debug|Any CPU
		{14B46092-7198-4CC7-A659-9B3717723B31}.Debug|Any CPU.Build.0 = Debug|Any CPU
		{14B46092-7198-4CC7-A659-9B3717723B31}.Release|Any CPU.ActiveCfg = Release|Any CPU
		{14B46092-7198-4CC7-A659-9B3717723B31}.Release|Any CPU.Build.0 = Release|Any CPU
	EndGlobalSection
	GlobalSection(SolutionProperties) = preSolution
		HideSolutionNode = FALSE
	EndGlobalSection
	GlobalSection(ExtensibilityGlobals) = postSolution
		SolutionGuid = {DC9BE15B-994A-40A5-8DA2-45538AB22A89}
	EndGlobalSection
EndGlobal
